
Microsoft Visual Studio Solution File, Format Version 12.00
# Visual Studio Version 17
VisualStudioVersion = 17.12.35506.116 d17.12
MinimumVisualStudioVersion = 10.0.40219.1
Project("{FAE04EC0-301F-11D3-BF4B-00C04F79EFBC}") = "VeriketApplicationTest", "VeriketApplicationTest\VeriketApplicationTest.csproj", "{918F068E-F1D0-4A71-9327-A535F66A5498}"
EndProject
Project("{FAE04EC0-301F-11D3-BF4B-00C04F79EFBC}") = "VeriketForms", "VeriketForms\VeriketForms.csproj", "{5E2F2683-1472-4EB1-9DB5-FA74A7D4D179}"
EndProject
Global
	GlobalSection(SolutionConfigurationPlatforms) = preSolution
		Debug|Any CPU = Debug|Any CPU
		Release|Any CPU = Release|Any CPU
	EndGlobalSection
	GlobalSection(ProjectConfigurationPlatforms) = postSolution
		{918F068E-F1D0-4A71-9327-A535F66A5498}.Debug|Any CPU.ActiveCfg = Debug|Any CPU
		{918F068E-F1D0-4A71-9327-A535F66A5498}.Debug|Any CPU.Build.0 = Debug|Any CPU
		{918F068E-F1D0-4A71-9327-A535F66A5498}.Release|Any CPU.ActiveCfg = Release|Any CPU
		{918F068E-F1D0-4A71-9327-A535F66A5498}.Release|Any CPU.Build.0 = Release|Any CPU
		{5E2F2683-1472-4EB1-9DB5-FA74A7D4D179}.Debug|Any CPU.ActiveCfg = Debug|Any CPU
		{5E2F2683-1472-4EB1-9DB5-FA74A7D4D179}.Debug|Any CPU.Build.0 = Debug|Any CPU
		{5E2F2683-1472-4EB1-9DB5-FA74A7D4D179}.Release|Any CPU.ActiveCfg = Release|Any CPU
		{5E2F2683-1472-4EB1-9DB5-FA74A7D4D179}.Release|Any CPU.Build.0 = Release|Any CPU
	EndGlobalSection
	GlobalSection(SolutionProperties) = preSolution
		HideSolutionNode = FALSE
	EndGlobalSection
EndGlobal
